
Microsoft Visual Studio Solution File, Format Version 12.00
# Visual Studio Version 17
VisualStudioVersion = 17.0.32126.317
MinimumVisualStudioVersion = 10.0.40219.1
Project("{FAE04EC0-301F-11D3-BF4B-00C04F79EFBC}") = "tinhdahinh", "tinhdahinh\tinhdahinh.csproj", "{E35F5FE0-27B0-4C95-BEB8-1E8731BEB714}"
EndProject
Global
	GlobalSection(SolutionConfigurationPlatforms) = preSolution
		Debug|Any CPU = Debug|Any CPU
		Release|Any CPU = Release|Any CPU
	EndGlobalSection
	GlobalSection(ProjectConfigurationPlatforms) = postSolution
		{E35F5FE0-27B0-4C95-BEB8-1E8731BEB714}.Debug|Any CPU.ActiveCfg = Debug|Any CPU
		{E35F5FE0-27B0-4C95-BEB8-1E8731BEB714}.Debug|Any CPU.Build.0 = Debug|Any CPU
		{E35F5FE0-27B0-4C95-BEB8-1E8731BEB714}.Release|Any CPU.ActiveCfg = Release|Any CPU
		{E35F5FE0-27B0-4C95-BEB8-1E8731BEB714}.Release|Any CPU.Build.0 = Release|Any CPU
	EndGlobalSection
	GlobalSection(SolutionProperties) = preSolution
		HideSolutionNode = FALSE
	EndGlobalSection
	GlobalSection(ExtensibilityGlobals) = postSolution
		SolutionGuid = {D4A101A8-F70A-4F9C-940A-78AFAA9DFC77}
	EndGlobalSection
EndGlobal
