
Microsoft Visual Studio Solution File, Format Version 12.00
# Visual Studio Version 17
VisualStudioVersion = 17.0.32126.317
MinimumVisualStudioVersion = 10.0.40219.1
Project("{FAE04EC0-301F-11D3-BF4B-00C04F79EFBC}") = "BTdiemdanh10-5", "BTdiemdanh10-5\BTdiemdanh10-5.csproj", "{87ADDCEE-CA20-461E-81F1-A6249231BF5E}"
EndProject
Global
	GlobalSection(SolutionConfigurationPlatforms) = preSolution
		Debug|Any CPU = Debug|Any CPU
		Release|Any CPU = Release|Any CPU
	EndGlobalSection
	GlobalSection(ProjectConfigurationPlatforms) = postSolution
		{87ADDCEE-CA20-461E-81F1-A6249231BF5E}.Debug|Any CPU.ActiveCfg = Debug|Any CPU
		{87ADDCEE-CA20-461E-81F1-A6249231BF5E}.Debug|Any CPU.Build.0 = Debug|Any CPU
		{87ADDCEE-CA20-461E-81F1-A6249231BF5E}.Release|Any CPU.ActiveCfg = Release|Any CPU
		{87ADDCEE-CA20-461E-81F1-A6249231BF5E}.Release|Any CPU.Build.0 = Release|Any CPU
	EndGlobalSection
	GlobalSection(SolutionProperties) = preSolution
		HideSolutionNode = FALSE
	EndGlobalSection
	GlobalSection(ExtensibilityGlobals) = postSolution
		SolutionGuid = {5BDFBAF0-66E2-467E-BE49-0918C42F1EE8}
	EndGlobalSection
EndGlobal
